// !$*UTF8*$!
{
	archiveVersion = 1;
	classes = {
	};
	objectVersion = 56;
	objects = {

/* Begin PBXBuildFile section */
		3D92FB2A2C8E4B2A00123456 /* RunWithBobbyApp.swift in Sources */ = {isa = PBXBuildFile; fileRef = 3D92FB292C8E4B2A00123456 /* RunWithBobbyApp.swift */; };
		3D92FB2C2C8E4B2A00123456 /* ContentView.swift in Sources */ = {isa = PBXBuildFile; fileRef = 3D92FB2B2C8E4B2A00123456 /* ContentView.swift */; };
		3D92FB2E2C8E4B2B00123456 /* Assets.xcassets in Resources */ = {isa = PBXBuildFile; fileRef = 3D92FB2D2C8E4B2B00123456 /* Assets.xcassets */; };
		3D92FB312C8E4B2B00123456 /* Preview Assets.xcassets in Resources */ = {isa = PBXBuildFile; fileRef = 3D92FB302C8E4B2B00123456 /* Preview Assets.xcassets */; };
		EE15000100000001AABBCCDD /* PrivacyInfo.xcprivacy in Resources */ = {isa = PBXBuildFile; fileRef = EE15000200000001AABBCCDD /* PrivacyInfo.xcprivacy */; };
		3D92FB382C8E4B5600123456 /* ChatView.swift in Sources */ = {isa = PBXBuildFile; fileRef = 3D92FB372C8E4B5600123456 /* ChatView.swift */; };
		3D92FB3A2C8E4B6700123456 /* TrainingPlanManager.swift in Sources */ = {isa = PBXBuildFile; fileRef = 3D92FB392C8E4B6700123456 /* TrainingPlanManager.swift */; };
		3D92FB3C2C8E4B7800123456 /* Models.swift in Sources */ = {isa = PBXBuildFile; fileRef = 3D92FB3B2C8E4B7800123456 /* Models.swift */; };
		3D92FB3E2C8E4B8900123456 /* BobbyAI.swift in Sources */ = {isa = PBXBuildFile; fileRef = 3D92FB3D2C8E4B8900123456 /* BobbyAI.swift */; };
		3D92FB402C8E4B9A00123456 /* Theme.swift in Sources */ = {isa = PBXBuildFile; fileRef = 3D92FB3F2C8E4B9A00123456 /* Theme.swift */; };
		AA00000100000001AABBCCDD /* LLMService.swift in Sources */ = {isa = PBXBuildFile; fileRef = AA00000200000001AABBCCDD /* LLMService.swift */; };
		AA00000100000002AABBCCDD /* OpenAIProvider.swift in Sources */ = {isa = PBXBuildFile; fileRef = AA00000200000002AABBCCDD /* OpenAIProvider.swift */; };
		AA00000100000003AABBCCDD /* MLXProvider.swift in Sources */ = {isa = PBXBuildFile; fileRef = AA00000200000003AABBCCDD /* MLXProvider.swift */; };
		AA00000100000004AABBCCDD /* ToolRouter.swift in Sources */ = {isa = PBXBuildFile; fileRef = AA00000200000004AABBCCDD /* ToolRouter.swift */; };
		BB0000010000001AAABBCCDD /* LocalModelCatalog.swift in Sources */ = {isa = PBXBuildFile; fileRef = BB0000020000001AAABBCCDD /* LocalModelCatalog.swift */; };
		AA00000100000005AABBCCDD /* AISettings.swift in Sources */ = {isa = PBXBuildFile; fileRef = AA00000200000005AABBCCDD /* AISettings.swift */; };
		AA00000100000006AABBCCDD /* KeychainHelper.swift in Sources */ = {isa = PBXBuildFile; fileRef = AA00000200000006AABBCCDD /* KeychainHelper.swift */; };
		AA00000100000007AABBCCDD /* SettingsView.swift in Sources */ = {isa = PBXBuildFile; fileRef = AA00000200000007AABBCCDD /* SettingsView.swift */; };
		AA00000100000008AABBCCDD /* HealthKitManager.swift in Sources */ = {isa = PBXBuildFile; fileRef = AA00000200000008AABBCCDD /* HealthKitManager.swift */; };
		BB00000300000001AABBCCDD /* MLXLLM in Frameworks */ = {isa = PBXBuildFile; productRef = BB00000200000001AABBCCDD /* MLXLLM */; };
		BB00000300000002AABBCCDD /* MLXLMCommon in Frameworks */ = {isa = PBXBuildFile; productRef = BB00000200000002AABBCCDD /* MLXLMCommon */; };
		CC0000010000000AAABBCCDD /* AnthropicProvider.swift in Sources */ = {isa = PBXBuildFile; fileRef = CC0000020000000AAABBCCDD /* AnthropicProvider.swift */; };
		DD0000010000000BAABBCCDD /* NutritionPlanManager.swift in Sources */ = {isa = PBXBuildFile; fileRef = DD0000020000000BAABBCCDD /* NutritionPlanManager.swift */; };
		DD0000010000000CAABBCCDD /* ConversationHistoryView.swift in Sources */ = {isa = PBXBuildFile; fileRef = DD0000020000000CAABBCCDD /* ConversationHistoryView.swift */; };
		DD0000010000000DAABBCCDD /* NutritionPlanView.swift in Sources */ = {isa = PBXBuildFile; fileRef = DD0000020000000DAABBCCDD /* NutritionPlanView.swift */; };
/* End PBXBuildFile section */

/* Begin PBXFileReference section */
		3D92FB262C8E4B2A00123456 /* RunWithBobby.app */ = {isa = PBXFileReference; explicitFileType = wrapper.application; includeInIndex = 0; path = RunWithBobby.app; sourceTree = BUILT_PRODUCTS_DIR; };
		3D92FB292C8E4B2A00123456 /* RunWithBobbyApp.swift */ = {isa = PBXFileReference; lastKnownFileType = sourcecode.swift; path = RunWithBobbyApp.swift; sourceTree = "<group>"; };
		3D92FB2B2C8E4B2A00123456 /* ContentView.swift */ = {isa = PBXFileReference; lastKnownFileType = sourcecode.swift; path = ContentView.swift; sourceTree = "<group>"; };
		3D92FB2D2C8E4B2B00123456 /* Assets.xcassets */ = {isa = PBXFileReference; lastKnownFileType = folder.assetcatalog; path = Assets.xcassets; sourceTree = "<group>"; };
		3D92FB302C8E4B2B00123456 /* Preview Assets.xcassets */ = {isa = PBXFileReference; lastKnownFileType = folder.assetcatalog; path = "Preview Assets.xcassets"; sourceTree = "<group>"; };
		EE15000200000001AABBCCDD /* PrivacyInfo.xcprivacy */ = {isa = PBXFileReference; lastKnownFileType = text.plist.xml; path = PrivacyInfo.xcprivacy; sourceTree = "<group>"; };
		3D92FB372C8E4B5600123456 /* ChatView.swift */ = {isa = PBXFileReference; lastKnownFileType = sourcecode.swift; path = ChatView.swift; sourceTree = "<group>"; };
		3D92FB392C8E4B6700123456 /* TrainingPlanManager.swift */ = {isa = PBXFileReference; lastKnownFileType = sourcecode.swift; path = TrainingPlanManager.swift; sourceTree = "<group>"; };
		3D92FB3B2C8E4B7800123456 /* Models.swift */ = {isa = PBXFileReference; lastKnownFileType = sourcecode.swift; path = Models.swift; sourceTree = "<group>"; };
		3D92FB3D2C8E4B8900123456 /* BobbyAI.swift */ = {isa = PBXFileReference; lastKnownFileType = sourcecode.swift; path = BobbyAI.swift; sourceTree = "<group>"; };
		3D92FB3F2C8E4B9A00123456 /* Theme.swift */ = {isa = PBXFileReference; lastKnownFileType = sourcecode.swift; path = Theme.swift; sourceTree = "<group>"; };
		AA00000200000001AABBCCDD /* LLMService.swift */ = {isa = PBXFileReference; lastKnownFileType = sourcecode.swift; path = LLMService.swift; sourceTree = "<group>"; };
		AA00000200000002AABBCCDD /* OpenAIProvider.swift */ = {isa = PBXFileReference; lastKnownFileType = sourcecode.swift; path = OpenAIProvider.swift; sourceTree = "<group>"; };
		AA00000200000003AABBCCDD /* MLXProvider.swift */ = {isa = PBXFileReference; lastKnownFileType = sourcecode.swift; path = MLXProvider.swift; sourceTree = "<group>"; };
		AA00000200000004AABBCCDD /* ToolRouter.swift */ = {isa = PBXFileReference; lastKnownFileType = sourcecode.swift; path = ToolRouter.swift; sourceTree = "<group>"; };
		BB0000020000001AAABBCCDD /* LocalModelCatalog.swift */ = {isa = PBXFileReference; lastKnownFileType = sourcecode.swift; path = LocalModelCatalog.swift; sourceTree = "<group>"; };
		AA00000200000005AABBCCDD /* AISettings.swift */ = {isa = PBXFileReference; lastKnownFileType = sourcecode.swift; path = AISettings.swift; sourceTree = "<group>"; };
		AA00000200000006AABBCCDD /* KeychainHelper.swift */ = {isa = PBXFileReference; lastKnownFileType = sourcecode.swift; path = KeychainHelper.swift; sourceTree = "<group>"; };
		AA00000200000007AABBCCDD /* SettingsView.swift */ = {isa = PBXFileReference; lastKnownFileType = sourcecode.swift; path = SettingsView.swift; sourceTree = "<group>"; };
		AA00000200000008AABBCCDD /* HealthKitManager.swift */ = {isa = PBXFileReference; lastKnownFileType = sourcecode.swift; path = HealthKitManager.swift; sourceTree = "<group>"; };
		AA00000200000009AABBCCDD /* RunWithBobby.entitlements */ = {isa = PBXFileReference; lastKnownFileType = text.plist.entitlements; path = RunWithBobby.entitlements; sourceTree = "<group>"; };
		CC0000020000000AAABBCCDD /* AnthropicProvider.swift */ = {isa = PBXFileReference; lastKnownFileType = sourcecode.swift; path = AnthropicProvider.swift; sourceTree = "<group>"; };
		DD0000020000000BAABBCCDD /* NutritionPlanManager.swift */ = {isa = PBXFileReference; lastKnownFileType = sourcecode.swift; path = NutritionPlanManager.swift; sourceTree = "<group>"; };
		DD0000020000000CAABBCCDD /* ConversationHistoryView.swift */ = {isa = PBXFileReference; lastKnownFileType = sourcecode.swift; path = ConversationHistoryView.swift; sourceTree = "<group>"; };
		DD0000020000000DAABBCCDD /* NutritionPlanView.swift */ = {isa = PBXFileReference; lastKnownFileType = sourcecode.swift; path = NutritionPlanView.swift; sourceTree = "<group>"; };
/* End PBXFileReference section */

/* Begin PBXFrameworksBuildPhase section */
		3D92FB232C8E4B2A00123456 /* Frameworks */ = {
			isa = PBXFrameworksBuildPhase;
			buildActionMask = 2147483647;
			files = (
				BB00000300000001AABBCCDD /* MLXLLM in Frameworks */,
				BB00000300000002AABBCCDD /* MLXLMCommon in Frameworks */,
			);
			runOnlyForDeploymentPostprocessing = 0;
		};
/* End PBXFrameworksBuildPhase section */

/* Begin PBXGroup section */
		3D92FB1D2C8E4B2A00123456 = {
			isa = PBXGroup;
			children = (
				3D92FB282C8E4B2A00123456 /* RunWithBobby */,
				3D92FB272C8E4B2A00123456 /* Products */,
			);
			sourceTree = "<group>";
		};
		3D92FB272C8E4B2A00123456 /* Products */ = {
			isa = PBXGroup;
			children = (
				3D92FB262C8E4B2A00123456 /* RunWithBobby.app */,
			);
			name = Products;
			sourceTree = "<group>";
		};
		3D92FB282C8E4B2A00123456 /* RunWithBobby */ = {
			isa = PBXGroup;
			children = (
				AA00000200000009AABBCCDD /* RunWithBobby.entitlements */,
				EE15000200000001AABBCCDD /* PrivacyInfo.xcprivacy */,
				3D92FB292C8E4B2A00123456 /* RunWithBobbyApp.swift */,
				3D92FB2B2C8E4B2A00123456 /* ContentView.swift */,
				3D92FB372C8E4B5600123456 /* ChatView.swift */,
				3D92FB3B2C8E4B7800123456 /* Models.swift */,
				3D92FB3D2C8E4B8900123456 /* BobbyAI.swift */,
				3D92FB392C8E4B6700123456 /* TrainingPlanManager.swift */,
				DD0000020000000BAABBCCDD /* NutritionPlanManager.swift */,
				DD0000020000000CAABBCCDD /* ConversationHistoryView.swift */,
				DD0000020000000DAABBCCDD /* NutritionPlanView.swift */,
				3D92FB3F2C8E4B9A00123456 /* Theme.swift */,
				AA00000300000001AABBCCDD /* LLM */,
				AA00000300000002AABBCCDD /* Settings */,
				3D92FB2D2C8E4B2B00123456 /* Assets.xcassets */,
				3D92FB2F2C8E4B2B00123456 /* Preview Content */,
			);
			path = RunWithBobby;
			sourceTree = "<group>";
		};
		3D92FB2F2C8E4B2B00123456 /* Preview Content */ = {
			isa = PBXGroup;
			children = (
				3D92FB302C8E4B2B00123456 /* Preview Assets.xcassets */,
			);
			path = "Preview Content";
			sourceTree = "<group>";
		};
		AA00000300000001AABBCCDD /* LLM */ = {
			isa = PBXGroup;
			children = (
				AA00000200000001AABBCCDD /* LLMService.swift */,
				AA00000200000002AABBCCDD /* OpenAIProvider.swift */,
				CC0000020000000AAABBCCDD /* AnthropicProvider.swift */,
				AA00000200000003AABBCCDD /* MLXProvider.swift */,
				AA00000200000004AABBCCDD /* ToolRouter.swift */,
				BB0000020000001AAABBCCDD /* LocalModelCatalog.swift */,
			);
			path = LLM;
			sourceTree = "<group>";
		};
		AA00000300000002AABBCCDD /* Settings */ = {
			isa = PBXGroup;
			children = (
				AA00000200000005AABBCCDD /* AISettings.swift */,
				AA00000200000006AABBCCDD /* KeychainHelper.swift */,
				AA00000200000007AABBCCDD /* SettingsView.swift */,
				AA00000200000008AABBCCDD /* HealthKitManager.swift */,
			);
			path = Settings;
			sourceTree = "<group>";
		};
/* End PBXGroup section */

/* Begin PBXNativeTarget section */
		3D92FB252C8E4B2A00123456 /* RunWithBobby */ = {
			isa = PBXNativeTarget;
			buildConfigurationList = 3D92FB342C8E4B2B00123456 /* Build configuration list for PBXNativeTarget "RunWithBobby" */;
			buildPhases = (
				3D92FB222C8E4B2A00123456 /* Sources */,
				3D92FB232C8E4B2A00123456 /* Frameworks */,
				3D92FB242C8E4B2A00123456 /* Resources */,
			);
			buildRules = (
			);
			dependencies = (
			);
			name = RunWithBobby;
			packageProductDependencies = (
				BB00000200000001AABBCCDD /* MLXLLM */,
				BB00000200000002AABBCCDD /* MLXLMCommon */,
			);
			productName = RunWithBobby;
			productReference = 3D92FB262C8E4B2A00123456 /* RunWithBobby.app */;
			productType = "com.apple.product-type.application";
		};
/* End PBXNativeTarget section */

/* Begin PBXProject section */
		3D92FB1E2C8E4B2A00123456 /* Project object */ = {
			isa = PBXProject;
			attributes = {
				BuildIndependentTargetsInParallel = 1;
				LastSwiftUpdateCheck = 1540;
				LastUpgradeCheck = 1540;
				TargetAttributes = {
					3D92FB252C8E4B2A00123456 = {
						CreatedOnToolsVersion = 15.4;
					};
				};
			};
			buildConfigurationList = 3D92FB212C8E4B2A00123456 /* Build configuration list for PBXProject "RunWithBobby" */;
			compatibilityVersion = "Xcode 14.0";
			developmentRegion = en;
			hasScannedForEncodings = 0;
			knownRegions = (
				en,
				Base,
				it,
			);
			mainGroup = 3D92FB1D2C8E4B2A00123456;
			packageReferences = (
				BB00000100000001AABBCCDD /* XCRemoteSwiftPackageReference "mlx-swift-examples" */,
			);
			productRefGroup = 3D92FB272C8E4B2A00123456 /* Products */;
			projectDirPath = "";
			projectRoot = "";
			targets = (
				3D92FB252C8E4B2A00123456 /* RunWithBobby */,
			);
		};
/* End PBXProject section */

/* Begin PBXResourcesBuildPhase section */
		3D92FB242C8E4B2A00123456 /* Resources */ = {
			isa = PBXResourcesBuildPhase;
			buildActionMask = 2147483647;
			files = (
				EE15000100000001AABBCCDD /* PrivacyInfo.xcprivacy in Resources */,
				3D92FB312C8E4B2B00123456 /* Preview Assets.xcassets in Resources */,
				3D92FB2E2C8E4B2B00123456 /* Assets.xcassets in Resources */,
			);
			runOnlyForDeploymentPostprocessing = 0;
		};
/* End PBXResourcesBuildPhase section */

/* Begin PBXSourcesBuildPhase section */
		3D92FB222C8E4B2A00123456 /* Sources */ = {
			isa = PBXSourcesBuildPhase;
			buildActionMask = 2147483647;
			files = (
				3D92FB2C2C8E4B2A00123456 /* ContentView.swift in Sources */,
				3D92FB382C8E4B5600123456 /* ChatView.swift in Sources */,
				3D92FB3E2C8E4B8900123456 /* BobbyAI.swift in Sources */,
				3D92FB2A2C8E4B2A00123456 /* RunWithBobbyApp.swift in Sources */,
				3D92FB3C2C8E4B7800123456 /* Models.swift in Sources */,
				3D92FB3A2C8E4B6700123456 /* TrainingPlanManager.swift in Sources */,
				3D92FB402C8E4B9A00123456 /* Theme.swift in Sources */,
				AA00000100000001AABBCCDD /* LLMService.swift in Sources */,
				AA00000100000002AABBCCDD /* OpenAIProvider.swift in Sources */,
				AA00000100000003AABBCCDD /* MLXProvider.swift in Sources */,
				AA00000100000004AABBCCDD /* ToolRouter.swift in Sources */,
				BB0000010000001AAABBCCDD /* LocalModelCatalog.swift in Sources */,
				AA00000100000005AABBCCDD /* AISettings.swift in Sources */,
				AA00000100000006AABBCCDD /* KeychainHelper.swift in Sources */,
				AA00000100000007AABBCCDD /* SettingsView.swift in Sources */,
				AA00000100000008AABBCCDD /* HealthKitManager.swift in Sources */,
				CC0000010000000AAABBCCDD /* AnthropicProvider.swift in Sources */,
				DD0000010000000BAABBCCDD /* NutritionPlanManager.swift in Sources */,
				DD0000010000000CAABBCCDD /* ConversationHistoryView.swift in Sources */,
				DD0000010000000DAABBCCDD /* NutritionPlanView.swift in Sources */,
			);
			runOnlyForDeploymentPostprocessing = 0;
		};
/* End PBXSourcesBuildPhase section */

/* Begin XCBuildConfiguration section */
		3D92FB322C8E4B2B00123456 /* Debug */ = {
			isa = XCBuildConfiguration;
			buildSettings = {
				ALWAYS_SEARCH_USER_PATHS = NO;
				ASSETCATALOG_COMPILER_GENERATE_SWIFT_ASSET_SYMBOL_EXTENSIONS = YES;
				CLANG_ANALYZER_NONNULL = YES;
				CLANG_ANALYZER_NUMBER_OBJECT_CONVERSION = YES_AGGRESSIVE;
				CLANG_CXX_LANGUAGE_STANDARD = "gnu++20";
				CLANG_ENABLE_MODULES = YES;
				CLANG_ENABLE_OBJC_ARC = YES;
				CLANG_ENABLE_OBJC_WEAK = YES;
				CLANG_WARN_BLOCK_CAPTURE_AUTORELEASING = YES;
				CLANG_WARN_BOOL_CONVERSION = YES;
				CLANG_WARN_COMMA = YES;
				CLANG_WARN_CONSTANT_CONVERSION = YES;
				CLANG_WARN_DEPRECATED_OBJC_IMPLEMENTATIONS = YES;
				CLANG_WARN_DIRECT_OBJC_ISA_USAGE = YES_ERROR;
				CLANG_WARN_DOCUMENTATION_COMMENTS = YES;
				CLANG_WARN_EMPTY_BODY = YES;
				CLANG_WARN_ENUM_CONVERSION = YES;
				CLANG_WARN_INFINITE_RECURSION = YES;
				CLANG_WARN_INT_CONVERSION = YES;
				CLANG_WARN_NON_LITERAL_NULL_CONVERSION = YES;
				CLANG_WARN_OBJC_IMPLICIT_RETAIN_SELF = YES;
				CLANG_WARN_OBJC_LITERAL_CONVERSION = YES;
				CLANG_WARN_OBJC_ROOT_CLASS = YES_ERROR;
				CLANG_WARN_QUOTED_INCLUDE_IN_FRAMEWORK_HEADER = YES;
				CLANG_WARN_RANGE_LOOP_ANALYSIS = YES;
				CLANG_WARN_STRICT_PROTOTYPES = YES;
				CLANG_WARN_SUSPICIOUS_MOVE = YES;
				CLANG_WARN_UNGUARDED_AVAILABILITY = YES_AGGRESSIVE;
				CLANG_WARN_UNREACHABLE_CODE = YES;
				CLANG_WARN__DUPLICATE_METHOD_MATCH = YES;
				COPY_PHASE_STRIP = NO;
				DEBUG_INFORMATION_FORMAT = dwarf;
				ENABLE_STRICT_OBJC_MSGSEND = YES;
				ENABLE_TESTABILITY = YES;
				ENABLE_USER_SCRIPT_SANDBOXING = YES;
				GCC_C_LANGUAGE_STANDARD = gnu17;
				GCC_DYNAMIC_NO_PIC = NO;
				GCC_NO_COMMON_BLOCKS = YES;
				GCC_OPTIMIZATION_LEVEL = 0;
				GCC_PREPROCESSOR_DEFINITIONS = (
					"DEBUG=1",
					"$(inherited)",
				);
				GCC_WARN_64_TO_32_BIT_CONVERSION = YES;
				GCC_WARN_ABOUT_RETURN_TYPE = YES_ERROR;
				GCC_WARN_UNDECLARED_SELECTOR = YES;
				GCC_WARN_UNINITIALIZED_AUTOS = YES_AGGRESSIVE;
				GCC_WARN_UNUSED_FUNCTION = YES;
				GCC_WARN_UNUSED_VARIABLE = YES;
				IPHONEOS_DEPLOYMENT_TARGET = 17.0;
				LOCALIZATION_PREFERS_STRING_CATALOGS = YES;
				MTL_ENABLE_DEBUG_INFO = INCLUDE_SOURCE;
				MTL_FAST_MATH = YES;
				ONLY_ACTIVE_ARCH = YES;
				SDKROOT = iphoneos;
				SWIFT_ACTIVE_COMPILATION_CONDITIONS = "DEBUG $(inherited)";
				SWIFT_OPTIMIZATION_LEVEL = "-Onone";
			};
			name = Debug;
		};
		3D92FB332C8E4B2B00123456 /* Release */ = {
			isa = XCBuildConfiguration;
			buildSettings = {
				ALWAYS_SEARCH_USER_PATHS = NO;
				ASSETCATALOG_COMPILER_GENERATE_SWIFT_ASSET_SYMBOL_EXTENSIONS = YES;
				CLANG_ANALYZER_NONNULL = YES;
				CLANG_ANALYZER_NUMBER_OBJECT_CONVERSION = YES_AGGRESSIVE;
				CLANG_CXX_LANGUAGE_STANDARD = "gnu++20";
				CLANG_ENABLE_MODULES = YES;
				CLANG_ENABLE_OBJC_ARC = YES;
				CLANG_ENABLE_OBJC_WEAK = YES;
				CLANG_WARN_BLOCK_CAPTURE_AUTORELEASING = YES;
				CLANG_WARN_BOOL_CONVERSION = YES;
				CLANG_WARN_COMMA = YES;
				CLANG_WARN_CONSTANT_CONVERSION = YES;
				CLANG_WARN_DEPRECATED_OBJC_IMPLEMENTATIONS = YES;
				CLANG_WARN_DIRECT_OBJC_ISA_USAGE = YES_ERROR;
				CLANG_WARN_DOCUMENTATION_COMMENTS = YES;
				CLANG_WARN_EMPTY_BODY = YES;
				CLANG_WARN_ENUM_CONVERSION = YES;
				CLANG_WARN_INFINITE_RECURSION = YES;
				CLANG_WARN_INT_CONVERSION = YES;
				CLANG_WARN_NON_LITERAL_NULL_CONVERSION = YES;
				CLANG_WARN_OBJC_IMPLICIT_RETAIN_SELF = YES;
				CLANG_WARN_OBJC_LITERAL_CONVERSION = YES;
				CLANG_WARN_OBJC_ROOT_CLASS = YES_ERROR;
				CLANG_WARN_QUOTED_INCLUDE_IN_FRAMEWORK_HEADER = YES;
				CLANG_WARN_RANGE_LOOP_ANALYSIS = YES;
				CLANG_WARN_STRICT_PROTOTYPES = YES;
				CLANG_WARN_SUSPICIOUS_MOVE = YES;
				CLANG_WARN_UNGUARDED_AVAILABILITY = YES_AGGRESSIVE;
				CLANG_WARN_UNREACHABLE_CODE = YES;
				CLANG_WARN__DUPLICATE_METHOD_MATCH = YES;
				COPY_PHASE_STRIP = NO;
				DEBUG_INFORMATION_FORMAT = "dwarf-with-dsym";
				ENABLE_NS_ASSERTIONS = NO;
				ENABLE_STRICT_OBJC_MSGSEND = YES;
				ENABLE_USER_SCRIPT_SANDBOXING = YES;
				GCC_C_LANGUAGE_STANDARD = gnu17;
				GCC_NO_COMMON_BLOCKS = YES;
				GCC_WARN_64_TO_32_BIT_CONVERSION = YES;
				GCC_WARN_ABOUT_RETURN_TYPE = YES_ERROR;
				GCC_WARN_UNDECLARED_SELECTOR = YES;
				GCC_WARN_UNINITIALIZED_AUTOS = YES_AGGRESSIVE;
				GCC_WARN_UNUSED_FUNCTION = YES;
				GCC_WARN_UNUSED_VARIABLE = YES;
				IPHONEOS_DEPLOYMENT_TARGET = 17.0;
				LOCALIZATION_PREFERS_STRING_CATALOGS = YES;
				MTL_ENABLE_DEBUG_INFO = NO;
				MTL_FAST_MATH = YES;
				SDKROOT = iphoneos;
				SWIFT_COMPILATION_MODE = wholemodule;
				VALIDATE_PRODUCT = YES;
			};
			name = Release;
		};
		3D92FB352C8E4B2B00123456 /* Debug */ = {
			isa = XCBuildConfiguration;
			buildSettings = {
				ASSETCATALOG_COMPILER_APPICON_NAME = AppIcon;
				ASSETCATALOG_COMPILER_GLOBAL_ACCENT_COLOR = AccentColor;
				CODE_SIGN_ENTITLEMENTS = RunWithBobby/RunWithBobby.entitlements;
				CODE_SIGN_STYLE = Automatic;
				CURRENT_PROJECT_VERSION = 4;
				DEVELOPMENT_ASSET_PATHS = "\"RunWithBobby/Preview Content\"";
				DEVELOPMENT_TEAM = 4YW6S35MTZ;
				ENABLE_PREVIEWS = YES;
				GENERATE_INFOPLIST_FILE = YES;
				INFOPLIST_KEY_NSHealthShareUsageDescription = "Run with Bobby legge in sola lettura dati di salute e allenamento per personalizzare coaching, recupero e piani. Puoi revocare l'accesso in Impostazioni > Salute.";
				INFOPLIST_KEY_NSHealthUpdateUsageDescription = "Run with Bobby non salva dati in Salute. L'app legge in sola lettura dati di salute e allenamento per personalizzare coaching, recupero e piani.";
				INFOPLIST_KEY_UIApplicationSceneManifest_Generation = YES;
				INFOPLIST_KEY_UIApplicationSupportsIndirectInputEvents = YES;
				INFOPLIST_KEY_UILaunchScreen_Generation = YES;
				INFOPLIST_KEY_UISupportedInterfaceOrientations_iPad = "UIInterfaceOrientationPortrait UIInterfaceOrientationPortraitUpsideDown UIInterfaceOrientationLandscapeLeft UIInterfaceOrientationLandscapeRight";
				INFOPLIST_KEY_UISupportedInterfaceOrientations_iPhone = "UIInterfaceOrientationPortrait UIInterfaceOrientationPortraitUpsideDown UIInterfaceOrientationLandscapeLeft UIInterfaceOrientationLandscapeRight";
				IPHONEOS_DEPLOYMENT_TARGET = 17.0;
				LD_RUNPATH_SEARCH_PATHS = (
					"$(inherited)",
					"@executable_path/Frameworks",
				);
				MARKETING_VERSION = 1.5.2;
				PRODUCT_BUNDLE_IDENTIFIER = com.runwithbobby.app;
				PRODUCT_NAME = "$(TARGET_NAME)";
				SWIFT_EMIT_LOC_STRINGS = YES;
				SWIFT_VERSION = 5.9;
				TARGETED_DEVICE_FAMILY = "1,2";
			};
			name = Debug;
		};
		3D92FB362C8E4B2B00123456 /* Release */ = {
			isa = XCBuildConfiguration;
			buildSettings = {
				ASSETCATALOG_COMPILER_APPICON_NAME = AppIcon;
				ASSETCATALOG_COMPILER_GLOBAL_ACCENT_COLOR = AccentColor;
				CODE_SIGN_ENTITLEMENTS = RunWithBobby/RunWithBobby.entitlements;
				CODE_SIGN_STYLE = Automatic;
				CURRENT_PROJECT_VERSION = 4;
				DEVELOPMENT_ASSET_PATHS = "\"RunWithBobby/Preview Content\"";
				DEVELOPMENT_TEAM = 4YW6S35MTZ;
				ENABLE_PREVIEWS = YES;
				GENERATE_INFOPLIST_FILE = YES;
				INFOPLIST_KEY_NSHealthShareUsageDescription = "Run with Bobby legge in sola lettura dati di salute e allenamento per personalizzare coaching, recupero e piani. Puoi revocare l'accesso in Impostazioni > Salute.";
				INFOPLIST_KEY_NSHealthUpdateUsageDescription = "Run with Bobby non salva dati in Salute. L'app legge in sola lettura dati di salute e allenamento per personalizzare coaching, recupero e piani.";
				INFOPLIST_KEY_UIApplicationSceneManifest_Generation = YES;
				INFOPLIST_KEY_UIApplicationSupportsIndirectInputEvents = YES;
				INFOPLIST_KEY_UILaunchScreen_Generation = YES;
				INFOPLIST_KEY_UISupportedInterfaceOrientations_iPad = "UIInterfaceOrientationPortrait UIInterfaceOrientationPortraitUpsideDown UIInterfaceOrientationLandscapeLeft UIInterfaceOrientationLandscapeRight";
				INFOPLIST_KEY_UISupportedInterfaceOrientations_iPhone = "UIInterfaceOrientationPortrait UIInterfaceOrientationPortraitUpsideDown UIInterfaceOrientationLandscapeLeft UIInterfaceOrientationLandscapeRight";
				IPHONEOS_DEPLOYMENT_TARGET = 17.0;
				LD_RUNPATH_SEARCH_PATHS = (
					"$(inherited)",
					"@executable_path/Frameworks",
				);
				MARKETING_VERSION = 1.5.2;
				PRODUCT_BUNDLE_IDENTIFIER = com.runwithbobby.app;
				PRODUCT_NAME = "$(TARGET_NAME)";
				SWIFT_EMIT_LOC_STRINGS = YES;
				SWIFT_VERSION = 5.9;
				TARGETED_DEVICE_FAMILY = "1,2";
			};
			name = Release;
		};
/* End XCBuildConfiguration section */

/* Begin XCConfigurationList section */
		3D92FB212C8E4B2A00123456 /* Build configuration list for PBXProject "RunWithBobby" */ = {
			isa = XCConfigurationList;
			buildConfigurations = (
				3D92FB322C8E4B2B00123456 /* Debug */,
				3D92FB332C8E4B2B00123456 /* Release */,
			);
			defaultConfigurationIsVisible = 0;
			defaultConfigurationName = Release;
		};
		3D92FB342C8E4B2B00123456 /* Build configuration list for PBXNativeTarget "RunWithBobby" */ = {
			isa = XCConfigurationList;
			buildConfigurations = (
				3D92FB352C8E4B2B00123456 /* Debug */,
				3D92FB362C8E4B2B00123456 /* Release */,
			);
			defaultConfigurationIsVisible = 0;
			defaultConfigurationName = Release;
		};
/* End XCConfigurationList section */

/* Begin XCRemoteSwiftPackageReference section */
		BB00000100000001AABBCCDD /* XCRemoteSwiftPackageReference "mlx-swift-examples" */ = {
			isa = XCRemoteSwiftPackageReference;
			repositoryURL = "https://github.com/ml-explore/mlx-swift-examples";
			requirement = {
				kind = upToNextMinorVersion;
				minimumVersion = 2.29.1;
			};
		};
/* End XCRemoteSwiftPackageReference section */

/* Begin XCSwiftPackageProductDependency section */
		BB00000200000001AABBCCDD /* MLXLLM */ = {
			isa = XCSwiftPackageProductDependency;
			package = BB00000100000001AABBCCDD /* XCRemoteSwiftPackageReference "mlx-swift-examples" */;
			productName = MLXLLM;
		};
		BB00000200000002AABBCCDD /* MLXLMCommon */ = {
			isa = XCSwiftPackageProductDependency;
			package = BB00000100000001AABBCCDD /* XCRemoteSwiftPackageReference "mlx-swift-examples" */;
			productName = MLXLMCommon;
		};
/* End XCSwiftPackageProductDependency section */
	};
	rootObject = 3D92FB1E2C8E4B2A00123456 /* Project object */;
}
